// !$*UTF8*$!
{
	archiveVersion = 1;
	classes = {
	};
	objectVersion = 48;
	objects = {

/* Begin PBXBuildFile section */
		6705E82121B9DEE900D14B3D /* AppDelegate.swift in Sources */ = {isa = PBXBuildFile; fileRef = 6705E82021B9DEE900D14B3D /* AppDelegate.swift */; };
		6705E82321B9DEE900D14B3D /* ViewController.swift in Sources */ = {isa = PBXBuildFile; fileRef = 6705E82221B9DEE900D14B3D /* ViewController.swift */; };
		6705E82621B9DEE900D14B3D /* Main.storyboard in Resources */ = {isa = PBXBuildFile; fileRef = 6705E82421B9DEE900D14B3D /* Main.storyboard */; };
		6705E82921B9DEE900D14B3D /* helloworld.xcdatamodeld in Sources */ = {isa = PBXBuildFile; fileRef = 6705E82721B9DEE900D14B3D /* helloworld.xcdatamodeld */; };
		6705E82B21B9DEE900D14B3D /* Assets.xcassets in Resources */ = {isa = PBXBuildFile; fileRef = 6705E82A21B9DEE900D14B3D /* Assets.xcassets */; };
		6705E82E21B9DEE900D14B3D /* LaunchScreen.storyboard in Resources */ = {isa = PBXBuildFile; fileRef = 6705E82C21B9DEE900D14B3D /* LaunchScreen.storyboard */; };
		6705E83921B9DEE900D14B3D /* helloworldTests.swift in Sources */ = {isa = PBXBuildFile; fileRef = 6705E83821B9DEE900D14B3D /* helloworldTests.swift */; };
		6705E84421B9DEE900D14B3D /* helloworldUITests.swift in Sources */ = {isa = PBXBuildFile; fileRef = 6705E84321B9DEE900D14B3D /* helloworldUITests.swift */; };
/* End PBXBuildFile section */

/* Begin PBXContainerItemProxy section */
		6705E83521B9DEE900D14B3D /* PBXContainerItemProxy */ = {
			isa = PBXContainerItemProxy;
			containerPortal = 6705E81521B9DEE900D14B3D /* Project object */;
			proxyType = 1;
			remoteGlobalIDString = 6705E81C21B9DEE900D14B3D;
			remoteInfo = helloworld;
		};
		6705E84021B9DEE900D14B3D /* PBXContainerItemProxy */ = {
			isa = PBXContainerItemProxy;
			containerPortal = 6705E81521B9DEE900D14B3D /* Project object */;
			proxyType = 1;
			remoteGlobalIDString = 6705E81C21B9DEE900D14B3D;
			remoteInfo = helloworld;
		};
/* End PBXContainerItemProxy section */

/* Begin PBXFileReference section */
		6705E81D21B9DEE900D14B3D /* helloworld.app */ = {isa = PBXFileReference; explicitFileType = wrapper.application; includeInIndex = 0; path = helloworld.app; sourceTree = BUILT_PRODUCTS_DIR; };
		6705E82021B9DEE900D14B3D /* AppDelegate.swift */ = {isa = PBXFileReference; lastKnownFileType = sourcecode.swift; path = AppDelegate.swift; sourceTree = "<group>"; };
		6705E82221B9DEE900D14B3D /* ViewController.swift */ = {isa = PBXFileReference; lastKnownFileType = sourcecode.swift; path = ViewController.swift; sourceTree = "<group>"; };
		6705E82521B9DEE900D14B3D /* Base */ = {isa = PBXFileReference; lastKnownFileType = file.storyboard; name = Base; path = Base.lproj/Main.storyboard; sourceTree = "<group>"; };
		6705E82821B9DEE900D14B3D /* helloworld.xcdatamodel */ = {isa = PBXFileReference; lastKnownFileType = wrapper.xcdatamodel; path = helloworld.xcdatamodel; sourceTree = "<group>"; };
		6705E82A21B9DEE900D14B3D /* Assets.xcassets */ = {isa = PBXFileReference; lastKnownFileType = folder.assetcatalog; path = Assets.xcassets; sourceTree = "<group>"; };
		6705E82D21B9DEE900D14B3D /* Base */ = {isa = PBXFileReference; lastKnownFileType = file.storyboard; name = Base; path = Base.lproj/LaunchScreen.storyboard; sourceTree = "<group>"; };
		6705E82F21B9DEE900D14B3D /* Info.plist */ = {isa = PBXFileReference; lastKnownFileType = text.plist.xml; path = Info.plist; sourceTree = "<group>"; };
		6705E83421B9DEE900D14B3D /* helloworldTests.xctest */ = {isa = PBXFileReference; explicitFileType = wrapper.cfbundle; includeInIndex = 0; path = helloworldTests.xctest; sourceTree = BUILT_PRODUCTS_DIR; };
		6705E83821B9DEE900D14B3D /* helloworldTests.swift */ = {isa = PBXFileReference; lastKnownFileType = sourcecode.swift; path = helloworldTests.swift; sourceTree = "<group>"; };
		6705E83A21B9DEE900D14B3D /* Info.plist */ = {isa = PBXFileReference; lastKnownFileType = text.plist.xml; path = Info.plist; sourceTree = "<group>"; };
		6705E83F21B9DEE900D14B3D /* helloworldUITests.xctest */ = {isa = PBXFileReference; explicitFileType = wrapper.cfbundle; includeInIndex = 0; path = helloworldUITests.xctest; sourceTree = BUILT_PRODUCTS_DIR; };
		6705E84321B9DEE900D14B3D /* helloworldUITests.swift */ = {isa = PBXFileReference; lastKnownFileType = sourcecode.swift; path = helloworldUITests.swift; sourceTree = "<group>"; };
		6705E84521B9DEEA00D14B3D /* Info.plist */ = {isa = PBXFileReference; lastKnownFileType = text.plist.xml; path = Info.plist; sourceTree = "<group>"; };
/* End PBXFileReference section */

/* Begin PBXFrameworksBuildPhase section */
		6705E81A21B9DEE900D14B3D /* Frameworks */ = {
			isa = PBXFrameworksBuildPhase;
			buildActionMask = 2147483647;
			files = (
			);
			runOnlyForDeploymentPostprocessing = 0;
		};
		6705E83121B9DEE900D14B3D /* Frameworks */ = {
			isa = PBXFrameworksBuildPhase;
			buildActionMask = 2147483647;
			files = (
			);
			runOnlyForDeploymentPostprocessing = 0;
		};
		6705E83C21B9DEE900D14B3D /* Frameworks */ = {
			isa = PBXFrameworksBuildPhase;
			buildActionMask = 2147483647;
			files = (
			);
			runOnlyForDeploymentPostprocessing = 0;
		};
/* End PBXFrameworksBuildPhase section */

/* Begin PBXGroup section */
		6705E81421B9DEE900D14B3D = {
			isa = PBXGroup;
			children = (
				6705E81F21B9DEE900D14B3D /* helloworld */,
				6705E83721B9DEE900D14B3D /* helloworldTests */,
				6705E84221B9DEE900D14B3D /* helloworldUITests */,
				6705E81E21B9DEE900D14B3D /* Products */,
			);
			sourceTree = "<group>";
		};
		6705E81E21B9DEE900D14B3D /* Products */ = {
			isa = PBXGroup;
			children = (
				6705E81D21B9DEE900D14B3D /* helloworld.app */,
				6705E83421B9DEE900D14B3D /* helloworldTests.xctest */,
				6705E83F21B9DEE900D14B3D /* helloworldUITests.xctest */,
			);
			name = Products;
			sourceTree = "<group>";
		};
		6705E81F21B9DEE900D14B3D /* helloworld */ = {
			isa = PBXGroup;
			children = (
				6705E82021B9DEE900D14B3D /* AppDelegate.swift */,
				6705E82221B9DEE900D14B3D /* ViewController.swift */,
				6705E82421B9DEE900D14B3D /* Main.storyboard */,
				6705E82A21B9DEE900D14B3D /* Assets.xcassets */,
				6705E82C21B9DEE900D14B3D /* LaunchScreen.storyboard */,
				6705E82F21B9DEE900D14B3D /* Info.plist */,
				6705E82721B9DEE900D14B3D /* helloworld.xcdatamodeld */,
			);
			path = helloworld;
			sourceTree = "<group>";
		};
		6705E83721B9DEE900D14B3D /* helloworldTests */ = {
			isa = PBXGroup;
			children = (
				6705E83821B9DEE900D14B3D /* helloworldTests.swift */,
				6705E83A21B9DEE900D14B3D /* Info.plist */,
			);
			path = helloworldTests;
			sourceTree = "<group>";
		};
		6705E84221B9DEE900D14B3D /* helloworldUITests */ = {
			isa = PBXGroup;
			children = (
				6705E84321B9DEE900D14B3D /* helloworldUITests.swift */,
				6705E84521B9DEEA00D14B3D /* Info.plist */,
			);
			path = helloworldUITests;
			sourceTree = "<group>";
		};
/* End PBXGroup section */

/* Begin PBXNativeTarget section */
		6705E81C21B9DEE900D14B3D /* helloworld */ = {
			isa = PBXNativeTarget;
			buildConfigurationList = 6705E84821B9DEEA00D14B3D /* Build configuration list for PBXNativeTarget "helloworld" */;
			buildPhases = (
				6705E81921B9DEE900D14B3D /* Sources */,
				6705E81A21B9DEE900D14B3D /* Frameworks */,
				6705E81B21B9DEE900D14B3D /* Resources */,
			);
			buildRules = (
			);
			dependencies = (
			);
			name = helloworld;
			productName = helloworld;
			productReference = 6705E81D21B9DEE900D14B3D /* helloworld.app */;
			productType = "com.apple.product-type.application";
		};
		6705E83321B9DEE900D14B3D /* helloworldTests */ = {
			isa = PBXNativeTarget;
			buildConfigurationList = 6705E84B21B9DEEA00D14B3D /* Build configuration list for PBXNativeTarget "helloworldTests" */;
			buildPhases = (
				6705E83021B9DEE900D14B3D /* Sources */,
				6705E83121B9DEE900D14B3D /* Frameworks */,
				6705E83221B9DEE900D14B3D /* Resources */,
			);
			buildRules = (
			);
			dependencies = (
				6705E83621B9DEE900D14B3D /* PBXTargetDependency */,
			);
			name = helloworldTests;
			productName = helloworldTests;
			productReference = 6705E83421B9DEE900D14B3D /* helloworldTests.xctest */;
			productType = "com.apple.product-type.bundle.unit-test";
		};
		6705E83E21B9DEE900D14B3D /* helloworldUITests */ = {
			isa = PBXNativeTarget;
			buildConfigurationList = 6705E84E21B9DEEA00D14B3D /* Build configuration list for PBXNativeTarget "helloworldUITests" */;
			buildPhases = (
				6705E83B21B9DEE900D14B3D /* Sources */,
				6705E83C21B9DEE900D14B3D /* Frameworks */,
				6705E83D21B9DEE900D14B3D /* Resources */,
			);
			buildRules = (
			);
			dependencies = (
				6705E84121B9DEE900D14B3D /* PBXTargetDependency */,
			);
			name = helloworldUITests;
			productName = helloworldUITests;
			productReference = 6705E83F21B9DEE900D14B3D /* helloworldUITests.xctest */;
			productType = "com.apple.product-type.bundle.ui-testing";
		};
/* End PBXNativeTarget section */

/* Begin PBXProject section */
		6705E81521B9DEE900D14B3D /* Project object */ = {
			isa = PBXProject;
			attributes = {
				LastSwiftUpdateCheck = 0920;
				LastUpgradeCheck = 0920;
				ORGANIZATIONNAME = "Mitchell Petellin";
				TargetAttributes = {
					6705E81C21B9DEE900D14B3D = {
						CreatedOnToolsVersion = 9.2;
						ProvisioningStyle = Automatic;
					};
					6705E83321B9DEE900D14B3D = {
						CreatedOnToolsVersion = 9.2;
						ProvisioningStyle = Automatic;
						TestTargetID = 6705E81C21B9DEE900D14B3D;
					};
					6705E83E21B9DEE900D14B3D = {
						CreatedOnToolsVersion = 9.2;
						ProvisioningStyle = Automatic;
						TestTargetID = 6705E81C21B9DEE900D14B3D;
					};
				};
			};
			buildConfigurationList = 6705E81821B9DEE900D14B3D /* Build configuration list for PBXProject "helloworld" */;
			compatibilityVersion = "Xcode 8.0";
			developmentRegion = en;
			hasScannedForEncodings = 0;
			knownRegions = (
				en,
				Base,
			);
			mainGroup = 6705E81421B9DEE900D14B3D;
			productRefGroup = 6705E81E21B9DEE900D14B3D /* Products */;
			projectDirPath = "";
			projectRoot = "";
			targets = (
				6705E81C21B9DEE900D14B3D /* helloworld */,
				6705E83321B9DEE900D14B3D /* helloworldTests */,
				6705E83E21B9DEE900D14B3D /* helloworldUITests */,
			);
		};
/* End PBXProject section */

/* Begin PBXResourcesBuildPhase section */
		6705E81B21B9DEE900D14B3D /* Resources */ = {
			isa = PBXResourcesBuildPhase;
			buildActionMask = 2147483647;
			files = (
				6705E82E21B9DEE900D14B3D /* LaunchScreen.storyboard in Resources */,
				6705E82B21B9DEE900D14B3D /* Assets.xcassets in Resources */,
				6705E82621B9DEE900D14B3D /* Main.storyboard in Resources */,
			);
			runOnlyForDeploymentPostprocessing = 0;
		};
		6705E83221B9DEE900D14B3D /* Resources */ = {
			isa = PBXResourcesBuildPhase;
			buildActionMask = 2147483647;
			files = (
			);
			runOnlyForDeploymentPostprocessing = 0;
		};
		6705E83D21B9DEE900D14B3D /* Resources */ = {
			isa = PBXResourcesBuildPhase;
			buildActionMask = 2147483647;
			files = (
			);
			runOnlyForDeploymentPostprocessing = 0;
		};
/* End PBXResourcesBuildPhase section */

/* Begin PBXSourcesBuildPhase section */
		6705E81921B9DEE900D14B3D /* Sources */ = {
			isa = PBXSourcesBuildPhase;
			buildActionMask = 2147483647;
			files = (
				6705E82321B9DEE900D14B3D /* ViewController.swift in Sources */,
				6705E82121B9DEE900D14B3D /* AppDelegate.swift in Sources */,
				6705E82921B9DEE900D14B3D /* helloworld.xcdatamodeld in Sources */,
			);
			runOnlyForDeploymentPostprocessing = 0;
		};
		6705E83021B9DEE900D14B3D /* Sources */ = {
			isa = PBXSourcesBuildPhase;
			buildActionMask = 2147483647;
			files = (
				6705E83921B9DEE900D14B3D /* helloworldTests.swift in Sources */,
			);
			runOnlyForDeploymentPostprocessing = 0;
		};
		6705E83B21B9DEE900D14B3D /* Sources */ = {
			isa = PBXSourcesBuildPhase;
			buildActionMask = 2147483647;
			files = (
				6705E84421B9DEE900D14B3D /* helloworldUITests.swift in Sources */,
			);
			runOnlyForDeploymentPostprocessing = 0;
		};
/* End PBXSourcesBuildPhase section */

/* Begin PBXTargetDependency section */
		6705E83621B9DEE900D14B3D /* PBXTargetDependency */ = {
			isa = PBXTargetDependency;
			target = 6705E81C21B9DEE900D14B3D /* helloworld */;
			targetProxy = 6705E83521B9DEE900D14B3D /* PBXContainerItemProxy */;
		};
		6705E84121B9DEE900D14B3D /* PBXTargetDependency */ = {
			isa = PBXTargetDependency;
			target = 6705E81C21B9DEE900D14B3D /* helloworld */;
			targetProxy = 6705E84021B9DEE900D14B3D /* PBXContainerItemProxy */;
		};
/* End PBXTargetDependency section */

/* Begin PBXVariantGroup section */
		6705E82421B9DEE900D14B3D /* Main.storyboard */ = {
			isa = PBXVariantGroup;
			children = (
				6705E82521B9DEE900D14B3D /* Base */,
			);
			name = Main.storyboard;
			sourceTree = "<group>";
		};
		6705E82C21B9DEE900D14B3D /* LaunchScreen.storyboard */ = {
			isa = PBXVariantGroup;
			children = (
				6705E82D21B9DEE900D14B3D /* Base */,
			);
			name = LaunchScreen.storyboard;
			sourceTree = "<group>";
		};
/* End PBXVariantGroup section */

/* Begin XCBuildConfiguration section */
		6705E84621B9DEEA00D14B3D /* Debug */ = {
			isa = XCBuildConfiguration;
			buildSettings = {
				ALWAYS_SEARCH_USER_PATHS = NO;
				CLANG_ANALYZER_NONNULL = YES;
				CLANG_ANALYZER_NUMBER_OBJECT_CONVERSION = YES_AGGRESSIVE;
				CLANG_CXX_LANGUAGE_STANDARD = "gnu++14";
				CLANG_CXX_LIBRARY = "libc++";
				CLANG_ENABLE_MODULES = YES;
				CLANG_ENABLE_OBJC_ARC = YES;
				CLANG_WARN_BLOCK_CAPTURE_AUTORELEASING = YES;
				CLANG_WARN_BOOL_CONVERSION = YES;
				CLANG_WARN_COMMA = YES;
				CLANG_WARN_CONSTANT_CONVERSION = YES;
				CLANG_WARN_DIRECT_OBJC_ISA_USAGE = YES_ERROR;
				CLANG_WARN_DOCUMENTATION_COMMENTS = YES;
				CLANG_WARN_EMPTY_BODY = YES;
				CLANG_WARN_ENUM_CONVERSION = YES;
				CLANG_WARN_INFINITE_RECURSION = YES;
				CLANG_WARN_INT_CONVERSION = YES;
				CLANG_WARN_NON_LITERAL_NULL_CONVERSION = YES;
				CLANG_WARN_OBJC_LITERAL_CONVERSION = YES;
				CLANG_WARN_OBJC_ROOT_CLASS = YES_ERROR;
				CLANG_WARN_RANGE_LOOP_ANALYSIS = YES;
				CLANG_WARN_STRICT_PROTOTYPES = YES;
				CLANG_WARN_SUSPICIOUS_MOVE = YES;
				CLANG_WARN_UNGUARDED_AVAILABILITY = YES_AGGRESSIVE;
				CLANG_WARN_UNREACHABLE_CODE = YES;
				CLANG_WARN__DUPLICATE_METHOD_MATCH = YES;
				CODE_SIGN_IDENTITY = "iPhone Developer";
				COPY_PHASE_STRIP = NO;
				DEBUG_INFORMATION_FORMAT = dwarf;
				ENABLE_STRICT_OBJC_MSGSEND = YES;
				ENABLE_TESTABILITY = YES;
				GCC_C_LANGUAGE_STANDARD = gnu11;
				GCC_DYNAMIC_NO_PIC = NO;
				GCC_NO_COMMON_BLOCKS = YES;
				GCC_OPTIMIZATION_LEVEL = 0;
				GCC_PREPROCESSOR_DEFINITIONS = (
					"DEBUG=1",
					"$(inherited)",
				);
				GCC_WARN_64_TO_32_BIT_CONVERSION = YES;
				GCC_WARN_ABOUT_RETURN_TYPE = YES_ERROR;
				GCC_WARN_UNDECLARED_SELECTOR = YES;
				GCC_WARN_UNINITIALIZED_AUTOS = YES_AGGRESSIVE;
				GCC_WARN_UNUSED_FUNCTION = YES;
				GCC_WARN_UNUSED_VARIABLE = YES;
				IPHONEOS_DEPLOYMENT_TARGET = 11.2;
				MTL_ENABLE_DEBUG_INFO = YES;
				ONLY_ACTIVE_ARCH = YES;
				SDKROOT = iphoneos;
				SWIFT_ACTIVE_COMPILATION_CONDITIONS = DEBUG;
				SWIFT_OPTIMIZATION_LEVEL = "-Onone";
			};
			name = Debug;
		};
		6705E84721B9DEEA00D14B3D /* Release */ = {
			isa = XCBuildConfiguration;
			buildSettings = {
				ALWAYS_SEARCH_USER_PATHS = NO;
				CLANG_ANALYZER_NONNULL = YES;
				CLANG_ANALYZER_NUMBER_OBJECT_CONVERSION = YES_AGGRESSIVE;
				CLANG_CXX_LANGUAGE_STANDARD = "gnu++14";
				CLANG_CXX_LIBRARY = "libc++";
				CLANG_ENABLE_MODULES = YES;
				CLANG_ENABLE_OBJC_ARC = YES;
				CLANG_WARN_BLOCK_CAPTURE_AUTORELEASING = YES;
				CLANG_WARN_BOOL_CONVERSION = YES;
				CLANG_WARN_COMMA = YES;
				CLANG_WARN_CONSTANT_CONVERSION = YES;
				CLANG_WARN_DIRECT_OBJC_ISA_USAGE = YES_ERROR;
				CLANG_WARN_DOCUMENTATION_COMMENTS = YES;
				CLANG_WARN_EMPTY_BODY = YES;
				CLANG_WARN_ENUM_CONVERSION = YES;
				CLANG_WARN_INFINITE_RECURSION = YES;
				CLANG_WARN_INT_CONVERSION = YES;
				CLANG_WARN_NON_LITERAL_NULL_CONVERSION = YES;
				CLANG_WARN_OBJC_LITERAL_CONVERSION = YES;
				CLANG_WARN_OBJC_ROOT_CLASS = YES_ERROR;
				CLANG_WARN_RANGE_LOOP_ANALYSIS = YES;
				CLANG_WARN_STRICT_PROTOTYPES = YES;
				CLANG_WARN_SUSPICIOUS_MOVE = YES;
				CLANG_WARN_UNGUARDED_AVAILABILITY = YES_AGGRESSIVE;
				CLANG_WARN_UNREACHABLE_CODE = YES;
				CLANG_WARN__DUPLICATE_METHOD_MATCH = YES;
				CODE_SIGN_IDENTITY = "iPhone Developer";
				COPY_PHASE_STRIP = NO;
				DEBUG_INFORMATION_FORMAT = "dwarf-with-dsym";
				ENABLE_NS_ASSERTIONS = NO;
				ENABLE_STRICT_OBJC_MSGSEND = YES;
				GCC_C_LANGUAGE_STANDARD = gnu11;
				GCC_NO_COMMON_BLOCKS = YES;
				GCC_WARN_64_TO_32_BIT_CONVERSION = YES;
				GCC_WARN_ABOUT_RETURN_TYPE = YES_ERROR;
				GCC_WARN_UNDECLARED_SELECTOR = YES;
				GCC_WARN_UNINITIALIZED_AUTOS = YES_AGGRESSIVE;
				GCC_WARN_UNUSED_FUNCTION = YES;
				GCC_WARN_UNUSED_VARIABLE = YES;
				IPHONEOS_DEPLOYMENT_TARGET = 11.2;
				MTL_ENABLE_DEBUG_INFO = NO;
				SDKROOT = iphoneos;
				SWIFT_OPTIMIZATION_LEVEL = "-Owholemodule";
				VALIDATE_PRODUCT = YES;
			};
			name = Release;
		};
		6705E84921B9DEEA00D14B3D /* Debug */ = {
			isa = XCBuildConfiguration;
			buildSettings = {
				ASSETCATALOG_COMPILER_APPICON_NAME = AppIcon;
				CODE_SIGN_STYLE = Automatic;
				INFOPLIST_FILE = helloworld/Info.plist;
				LD_RUNPATH_SEARCH_PATHS = "$(inherited) @executable_path/Frameworks";
				PRODUCT_BUNDLE_IDENTIFIER = "Mitchell-Petellin.helloworld";
				PRODUCT_NAME = "$(TARGET_NAME)";
				SWIFT_VERSION = 4.0;
				TARGETED_DEVICE_FAMILY = "1,2";
			};
			name = Debug;
		};
		6705E84A21B9DEEA00D14B3D /* Release */ = {
			isa = XCBuildConfiguration;
			buildSettings = {
				ASSETCATALOG_COMPILER_APPICON_NAME = AppIcon;
				CODE_SIGN_STYLE = Automatic;
				INFOPLIST_FILE = helloworld/Info.plist;
				LD_RUNPATH_SEARCH_PATHS = "$(inherited) @executable_path/Frameworks";
				PRODUCT_BUNDLE_IDENTIFIER = "Mitchell-Petellin.helloworld";
				PRODUCT_NAME = "$(TARGET_NAME)";
				SWIFT_VERSION = 4.0;
				TARGETED_DEVICE_FAMILY = "1,2";
			};
			name = Release;
		};
		6705E84C21B9DEEA00D14B3D /* Debug */ = {
			isa = XCBuildConfiguration;
			buildSettings = {
				ALWAYS_EMBED_SWIFT_STANDARD_LIBRARIES = YES;
				BUNDLE_LOADER = "$(TEST_HOST)";
				CODE_SIGN_STYLE = Automatic;
				INFOPLIST_FILE = helloworldTests/Info.plist;
				LD_RUNPATH_SEARCH_PATHS = "$(inherited) @executable_path/Frameworks @loader_path/Frameworks";
				PRODUCT_BUNDLE_IDENTIFIER = "Mitchell-Petellin.helloworldTests";
				PRODUCT_NAME = "$(TARGET_NAME)";
				SWIFT_VERSION = 4.0;
				TARGETED_DEVICE_FAMILY = "1,2";
				TEST_HOST = "$(BUILT_PRODUCTS_DIR)/helloworld.app/helloworld";
			};
			name = Debug;
		};
		6705E84D21B9DEEA00D14B3D /* Release */ = {
			isa = XCBuildConfiguration;
			buildSettings = {
				ALWAYS_EMBED_SWIFT_STANDARD_LIBRARIES = YES;
				BUNDLE_LOADER = "$(TEST_HOST)";
				CODE_SIGN_STYLE = Automatic;
				INFOPLIST_FILE = helloworldTests/Info.plist;
				LD_RUNPATH_SEARCH_PATHS = "$(inherited) @executable_path/Frameworks @loader_path/Frameworks";
				PRODUCT_BUNDLE_IDENTIFIER = "Mitchell-Petellin.helloworldTests";
				PRODUCT_NAME = "$(TARGET_NAME)";
				SWIFT_VERSION = 4.0;
				TARGETED_DEVICE_FAMILY = "1,2";
				TEST_HOST = "$(BUILT_PRODUCTS_DIR)/helloworld.app/helloworld";
			};
			name = Release;
		};
		6705E84F21B9DEEA00D14B3D /* Debug */ = {
			isa = XCBuildConfiguration;
			buildSettings = {
				ALWAYS_EMBED_SWIFT_STANDARD_LIBRARIES = YES;
				CODE_SIGN_STYLE = Automatic;
				INFOPLIST_FILE = helloworldUITests/Info.plist;
				LD_RUNPATH_SEARCH_PATHS = "$(inherited) @executable_path/Frameworks @loader_path/Frameworks";
				PRODUCT_BUNDLE_IDENTIFIER = "Mitchell-Petellin.helloworldUITests";
				PRODUCT_NAME = "$(TARGET_NAME)";
				SWIFT_VERSION = 4.0;
				TARGETED_DEVICE_FAMILY = "1,2";
				TEST_TARGET_NAME = helloworld;
			};
			name = Debug;
		};
		6705E85021B9DEEA00D14B3D /* Release */ = {
			isa = XCBuildConfiguration;
			buildSettings = {
				ALWAYS_EMBED_SWIFT_STANDARD_LIBRARIES = YES;
				CODE_SIGN_STYLE = Automatic;
				INFOPLIST_FILE = helloworldUITests/Info.plist;
				LD_RUNPATH_SEARCH_PATHS = "$(inherited) @executable_path/Frameworks @loader_path/Frameworks";
				PRODUCT_BUNDLE_IDENTIFIER = "Mitchell-Petellin.helloworldUITests";
				PRODUCT_NAME = "$(TARGET_NAME)";
				SWIFT_VERSION = 4.0;
				TARGETED_DEVICE_FAMILY = "1,2";
				TEST_TARGET_NAME = helloworld;
			};
			name = Release;
		};
/* End XCBuildConfiguration section */

/* Begin XCConfigurationList section */
		6705E81821B9DEE900D14B3D /* Build configuration list for PBXProject "helloworld" */ = {
			isa = XCConfigurationList;
			buildConfigurations = (
				6705E84621B9DEEA00D14B3D /* Debug */,
				6705E84721B9DEEA00D14B3D /* Release */,
			);
			defaultConfigurationIsVisible = 0;
			defaultConfigurationName = Release;
		};
		6705E84821B9DEEA00D14B3D /* Build configuration list for PBXNativeTarget "helloworld" */ = {
			isa = XCConfigurationList;
			buildConfigurations = (
				6705E84921B9DEEA00D14B3D /* Debug */,
				6705E84A21B9DEEA00D14B3D /* Release */,
			);
			defaultConfigurationIsVisible = 0;
			defaultConfigurationName = Release;
		};
		6705E84B21B9DEEA00D14B3D /* Build configuration list for PBXNativeTarget "helloworldTests" */ = {
			isa = XCConfigurationList;
			buildConfigurations = (
				6705E84C21B9DEEA00D14B3D /* Debug */,
				6705E84D21B9DEEA00D14B3D /* Release */,
			);
			defaultConfigurationIsVisible = 0;
			defaultConfigurationName = Release;
		};
		6705E84E21B9DEEA00D14B3D /* Build configuration list for PBXNativeTarget "helloworldUITests" */ = {
			isa = XCConfigurationList;
			buildConfigurations = (
				6705E84F21B9DEEA00D14B3D /* Debug */,
				6705E85021B9DEEA00D14B3D /* Release */,
			);
			defaultConfigurationIsVisible = 0;
			defaultConfigurationName = Release;
		};
/* End XCConfigurationList section */

/* Begin XCVersionGroup section */
		6705E82721B9DEE900D14B3D /* helloworld.xcdatamodeld */ = {
			isa = XCVersionGroup;
			children = (
				6705E82821B9DEE900D14B3D /* helloworld.xcdatamodel */,
			);
			currentVersion = 6705E82821B9DEE900D14B3D /* helloworld.xcdatamodel */;
			path = helloworld.xcdatamodeld;
			sourceTree = "<group>";
			versionGroupType = wrapper.xcdatamodel;
		};
/* End XCVersionGroup section */
	};
	rootObject = 6705E81521B9DEE900D14B3D /* Project object */;
}
