// !$*UTF8*$!
{
	archiveVersion = 1;
	classes = {
	};
	objectVersion = 48;
	objects = {

/* Begin PBXBuildFile section */
		6739613821C986FF00934637 /* AppDelegate.swift in Sources */ = {isa = PBXBuildFile; fileRef = 6739613721C986FF00934637 /* AppDelegate.swift */; };
		6739613A21C986FF00934637 /* ViewController.swift in Sources */ = {isa = PBXBuildFile; fileRef = 6739613921C986FF00934637 /* ViewController.swift */; };
		6739613D21C986FF00934637 /* Main.storyboard in Resources */ = {isa = PBXBuildFile; fileRef = 6739613B21C986FF00934637 /* Main.storyboard */; };
		6739614021C986FF00934637 /* Tip_calculator.xcdatamodeld in Sources */ = {isa = PBXBuildFile; fileRef = 6739613E21C986FF00934637 /* Tip_calculator.xcdatamodeld */; };
		6739614221C986FF00934637 /* Assets.xcassets in Resources */ = {isa = PBXBuildFile; fileRef = 6739614121C986FF00934637 /* Assets.xcassets */; };
		6739614521C986FF00934637 /* LaunchScreen.storyboard in Resources */ = {isa = PBXBuildFile; fileRef = 6739614321C986FF00934637 /* LaunchScreen.storyboard */; };
		6739615021C986FF00934637 /* Tip_calculatorTests.swift in Sources */ = {isa = PBXBuildFile; fileRef = 6739614F21C986FF00934637 /* Tip_calculatorTests.swift */; };
		6739615B21C986FF00934637 /* Tip_calculatorUITests.swift in Sources */ = {isa = PBXBuildFile; fileRef = 6739615A21C986FF00934637 /* Tip_calculatorUITests.swift */; };
/* End PBXBuildFile section */

/* Begin PBXContainerItemProxy section */
		6739614C21C986FF00934637 /* PBXContainerItemProxy */ = {
			isa = PBXContainerItemProxy;
			containerPortal = 6739612C21C986FF00934637 /* Project object */;
			proxyType = 1;
			remoteGlobalIDString = 6739613321C986FF00934637;
			remoteInfo = "Tip calculator";
		};
		6739615721C986FF00934637 /* PBXContainerItemProxy */ = {
			isa = PBXContainerItemProxy;
			containerPortal = 6739612C21C986FF00934637 /* Project object */;
			proxyType = 1;
			remoteGlobalIDString = 6739613321C986FF00934637;
			remoteInfo = "Tip calculator";
		};
/* End PBXContainerItemProxy section */

/* Begin PBXFileReference section */
		6739613421C986FF00934637 /* Tip calculator.app */ = {isa = PBXFileReference; explicitFileType = wrapper.application; includeInIndex = 0; path = "Tip calculator.app"; sourceTree = BUILT_PRODUCTS_DIR; };
		6739613721C986FF00934637 /* AppDelegate.swift */ = {isa = PBXFileReference; lastKnownFileType = sourcecode.swift; path = AppDelegate.swift; sourceTree = "<group>"; };
		6739613921C986FF00934637 /* ViewController.swift */ = {isa = PBXFileReference; lastKnownFileType = sourcecode.swift; path = ViewController.swift; sourceTree = "<group>"; };
		6739613C21C986FF00934637 /* Base */ = {isa = PBXFileReference; lastKnownFileType = file.storyboard; name = Base; path = Base.lproj/Main.storyboard; sourceTree = "<group>"; };
		6739613F21C986FF00934637 /* Tip_calculator.xcdatamodel */ = {isa = PBXFileReference; lastKnownFileType = wrapper.xcdatamodel; path = Tip_calculator.xcdatamodel; sourceTree = "<group>"; };
		6739614121C986FF00934637 /* Assets.xcassets */ = {isa = PBXFileReference; lastKnownFileType = folder.assetcatalog; path = Assets.xcassets; sourceTree = "<group>"; };
		6739614421C986FF00934637 /* Base */ = {isa = PBXFileReference; lastKnownFileType = file.storyboard; name = Base; path = Base.lproj/LaunchScreen.storyboard; sourceTree = "<group>"; };
		6739614621C986FF00934637 /* Info.plist */ = {isa = PBXFileReference; lastKnownFileType = text.plist.xml; path = Info.plist; sourceTree = "<group>"; };
		6739614B21C986FF00934637 /* Tip calculatorTests.xctest */ = {isa = PBXFileReference; explicitFileType = wrapper.cfbundle; includeInIndex = 0; path = "Tip calculatorTests.xctest"; sourceTree = BUILT_PRODUCTS_DIR; };
		6739614F21C986FF00934637 /* Tip_calculatorTests.swift */ = {isa = PBXFileReference; lastKnownFileType = sourcecode.swift; path = Tip_calculatorTests.swift; sourceTree = "<group>"; };
		6739615121C986FF00934637 /* Info.plist */ = {isa = PBXFileReference; lastKnownFileType = text.plist.xml; path = Info.plist; sourceTree = "<group>"; };
		6739615621C986FF00934637 /* Tip calculatorUITests.xctest */ = {isa = PBXFileReference; explicitFileType = wrapper.cfbundle; includeInIndex = 0; path = "Tip calculatorUITests.xctest"; sourceTree = BUILT_PRODUCTS_DIR; };
		6739615A21C986FF00934637 /* Tip_calculatorUITests.swift */ = {isa = PBXFileReference; lastKnownFileType = sourcecode.swift; path = Tip_calculatorUITests.swift; sourceTree = "<group>"; };
		6739615C21C986FF00934637 /* Info.plist */ = {isa = PBXFileReference; lastKnownFileType = text.plist.xml; path = Info.plist; sourceTree = "<group>"; };
/* End PBXFileReference section */

/* Begin PBXFrameworksBuildPhase section */
		6739613121C986FF00934637 /* Frameworks */ = {
			isa = PBXFrameworksBuildPhase;
			buildActionMask = 2147483647;
			files = (
			);
			runOnlyForDeploymentPostprocessing = 0;
		};
		6739614821C986FF00934637 /* Frameworks */ = {
			isa = PBXFrameworksBuildPhase;
			buildActionMask = 2147483647;
			files = (
			);
			runOnlyForDeploymentPostprocessing = 0;
		};
		6739615321C986FF00934637 /* Frameworks */ = {
			isa = PBXFrameworksBuildPhase;
			buildActionMask = 2147483647;
			files = (
			);
			runOnlyForDeploymentPostprocessing = 0;
		};
/* End PBXFrameworksBuildPhase section */

/* Begin PBXGroup section */
		6739612B21C986FF00934637 = {
			isa = PBXGroup;
			children = (
				6739613621C986FF00934637 /* Tip calculator */,
				6739614E21C986FF00934637 /* Tip calculatorTests */,
				6739615921C986FF00934637 /* Tip calculatorUITests */,
				6739613521C986FF00934637 /* Products */,
			);
			sourceTree = "<group>";
		};
		6739613521C986FF00934637 /* Products */ = {
			isa = PBXGroup;
			children = (
				6739613421C986FF00934637 /* Tip calculator.app */,
				6739614B21C986FF00934637 /* Tip calculatorTests.xctest */,
				6739615621C986FF00934637 /* Tip calculatorUITests.xctest */,
			);
			name = Products;
			sourceTree = "<group>";
		};
		6739613621C986FF00934637 /* Tip calculator */ = {
			isa = PBXGroup;
			children = (
				6739613721C986FF00934637 /* AppDelegate.swift */,
				6739613921C986FF00934637 /* ViewController.swift */,
				6739613B21C986FF00934637 /* Main.storyboard */,
				6739614121C986FF00934637 /* Assets.xcassets */,
				6739614321C986FF00934637 /* LaunchScreen.storyboard */,
				6739614621C986FF00934637 /* Info.plist */,
				6739613E21C986FF00934637 /* Tip_calculator.xcdatamodeld */,
			);
			path = "Tip calculator";
			sourceTree = "<group>";
		};
		6739614E21C986FF00934637 /* Tip calculatorTests */ = {
			isa = PBXGroup;
			children = (
				6739614F21C986FF00934637 /* Tip_calculatorTests.swift */,
				6739615121C986FF00934637 /* Info.plist */,
			);
			path = "Tip calculatorTests";
			sourceTree = "<group>";
		};
		6739615921C986FF00934637 /* Tip calculatorUITests */ = {
			isa = PBXGroup;
			children = (
				6739615A21C986FF00934637 /* Tip_calculatorUITests.swift */,
				6739615C21C986FF00934637 /* Info.plist */,
			);
			path = "Tip calculatorUITests";
			sourceTree = "<group>";
		};
/* End PBXGroup section */

/* Begin PBXNativeTarget section */
		6739613321C986FF00934637 /* Tip calculator */ = {
			isa = PBXNativeTarget;
			buildConfigurationList = 6739615F21C986FF00934637 /* Build configuration list for PBXNativeTarget "Tip calculator" */;
			buildPhases = (
				6739613021C986FF00934637 /* Sources */,
				6739613121C986FF00934637 /* Frameworks */,
				6739613221C986FF00934637 /* Resources */,
			);
			buildRules = (
			);
			dependencies = (
			);
			name = "Tip calculator";
			productName = "Tip calculator";
			productReference = 6739613421C986FF00934637 /* Tip calculator.app */;
			productType = "com.apple.product-type.application";
		};
		6739614A21C986FF00934637 /* Tip calculatorTests */ = {
			isa = PBXNativeTarget;
			buildConfigurationList = 6739616221C986FF00934637 /* Build configuration list for PBXNativeTarget "Tip calculatorTests" */;
			buildPhases = (
				6739614721C986FF00934637 /* Sources */,
				6739614821C986FF00934637 /* Frameworks */,
				6739614921C986FF00934637 /* Resources */,
			);
			buildRules = (
			);
			dependencies = (
				6739614D21C986FF00934637 /* PBXTargetDependency */,
			);
			name = "Tip calculatorTests";
			productName = "Tip calculatorTests";
			productReference = 6739614B21C986FF00934637 /* Tip calculatorTests.xctest */;
			productType = "com.apple.product-type.bundle.unit-test";
		};
		6739615521C986FF00934637 /* Tip calculatorUITests */ = {
			isa = PBXNativeTarget;
			buildConfigurationList = 6739616521C986FF00934637 /* Build configuration list for PBXNativeTarget "Tip calculatorUITests" */;
			buildPhases = (
				6739615221C986FF00934637 /* Sources */,
				6739615321C986FF00934637 /* Frameworks */,
				6739615421C986FF00934637 /* Resources */,
			);
			buildRules = (
			);
			dependencies = (
				6739615821C986FF00934637 /* PBXTargetDependency */,
			);
			name = "Tip calculatorUITests";
			productName = "Tip calculatorUITests";
			productReference = 6739615621C986FF00934637 /* Tip calculatorUITests.xctest */;
			productType = "com.apple.product-type.bundle.ui-testing";
		};
/* End PBXNativeTarget section */

/* Begin PBXProject section */
		6739612C21C986FF00934637 /* Project object */ = {
			isa = PBXProject;
			attributes = {
				LastSwiftUpdateCheck = 0920;
				LastUpgradeCheck = 0920;
				ORGANIZATIONNAME = "Mitchell Petellin";
				TargetAttributes = {
					6739613321C986FF00934637 = {
						CreatedOnToolsVersion = 9.2;
						ProvisioningStyle = Automatic;
					};
					6739614A21C986FF00934637 = {
						CreatedOnToolsVersion = 9.2;
						ProvisioningStyle = Automatic;
						TestTargetID = 6739613321C986FF00934637;
					};
					6739615521C986FF00934637 = {
						CreatedOnToolsVersion = 9.2;
						ProvisioningStyle = Automatic;
						TestTargetID = 6739613321C986FF00934637;
					};
				};
			};
			buildConfigurationList = 6739612F21C986FF00934637 /* Build configuration list for PBXProject "Tip calculator" */;
			compatibilityVersion = "Xcode 8.0";
			developmentRegion = en;
			hasScannedForEncodings = 0;
			knownRegions = (
				en,
				Base,
			);
			mainGroup = 6739612B21C986FF00934637;
			productRefGroup = 6739613521C986FF00934637 /* Products */;
			projectDirPath = "";
			projectRoot = "";
			targets = (
				6739613321C986FF00934637 /* Tip calculator */,
				6739614A21C986FF00934637 /* Tip calculatorTests */,
				6739615521C986FF00934637 /* Tip calculatorUITests */,
			);
		};
/* End PBXProject section */

/* Begin PBXResourcesBuildPhase section */
		6739613221C986FF00934637 /* Resources */ = {
			isa = PBXResourcesBuildPhase;
			buildActionMask = 2147483647;
			files = (
				6739614521C986FF00934637 /* LaunchScreen.storyboard in Resources */,
				6739614221C986FF00934637 /* Assets.xcassets in Resources */,
				6739613D21C986FF00934637 /* Main.storyboard in Resources */,
			);
			runOnlyForDeploymentPostprocessing = 0;
		};
		6739614921C986FF00934637 /* Resources */ = {
			isa = PBXResourcesBuildPhase;
			buildActionMask = 2147483647;
			files = (
			);
			runOnlyForDeploymentPostprocessing = 0;
		};
		6739615421C986FF00934637 /* Resources */ = {
			isa = PBXResourcesBuildPhase;
			buildActionMask = 2147483647;
			files = (
			);
			runOnlyForDeploymentPostprocessing = 0;
		};
/* End PBXResourcesBuildPhase section */

/* Begin PBXSourcesBuildPhase section */
		6739613021C986FF00934637 /* Sources */ = {
			isa = PBXSourcesBuildPhase;
			buildActionMask = 2147483647;
			files = (
				6739613A21C986FF00934637 /* ViewController.swift in Sources */,
				6739614021C986FF00934637 /* Tip_calculator.xcdatamodeld in Sources */,
				6739613821C986FF00934637 /* AppDelegate.swift in Sources */,
			);
			runOnlyForDeploymentPostprocessing = 0;
		};
		6739614721C986FF00934637 /* Sources */ = {
			isa = PBXSourcesBuildPhase;
			buildActionMask = 2147483647;
			files = (
				6739615021C986FF00934637 /* Tip_calculatorTests.swift in Sources */,
			);
			runOnlyForDeploymentPostprocessing = 0;
		};
		6739615221C986FF00934637 /* Sources */ = {
			isa = PBXSourcesBuildPhase;
			buildActionMask = 2147483647;
			files = (
				6739615B21C986FF00934637 /* Tip_calculatorUITests.swift in Sources */,
			);
			runOnlyForDeploymentPostprocessing = 0;
		};
/* End PBXSourcesBuildPhase section */

/* Begin PBXTargetDependency section */
		6739614D21C986FF00934637 /* PBXTargetDependency */ = {
			isa = PBXTargetDependency;
			target = 6739613321C986FF00934637 /* Tip calculator */;
			targetProxy = 6739614C21C986FF00934637 /* PBXContainerItemProxy */;
		};
		6739615821C986FF00934637 /* PBXTargetDependency */ = {
			isa = PBXTargetDependency;
			target = 6739613321C986FF00934637 /* Tip calculator */;
			targetProxy = 6739615721C986FF00934637 /* PBXContainerItemProxy */;
		};
/* End PBXTargetDependency section */

/* Begin PBXVariantGroup section */
		6739613B21C986FF00934637 /* Main.storyboard */ = {
			isa = PBXVariantGroup;
			children = (
				6739613C21C986FF00934637 /* Base */,
			);
			name = Main.storyboard;
			sourceTree = "<group>";
		};
		6739614321C986FF00934637 /* LaunchScreen.storyboard */ = {
			isa = PBXVariantGroup;
			children = (
				6739614421C986FF00934637 /* Base */,
			);
			name = LaunchScreen.storyboard;
			sourceTree = "<group>";
		};
/* End PBXVariantGroup section */

/* Begin XCBuildConfiguration section */
		6739615D21C986FF00934637 /* Debug */ = {
			isa = XCBuildConfiguration;
			buildSettings = {
				ALWAYS_SEARCH_USER_PATHS = NO;
				CLANG_ANALYZER_NONNULL = YES;
				CLANG_ANALYZER_NUMBER_OBJECT_CONVERSION = YES_AGGRESSIVE;
				CLANG_CXX_LANGUAGE_STANDARD = "gnu++14";
				CLANG_CXX_LIBRARY = "libc++";
				CLANG_ENABLE_MODULES = YES;
				CLANG_ENABLE_OBJC_ARC = YES;
				CLANG_WARN_BLOCK_CAPTURE_AUTORELEASING = YES;
				CLANG_WARN_BOOL_CONVERSION = YES;
				CLANG_WARN_COMMA = YES;
				CLANG_WARN_CONSTANT_CONVERSION = YES;
				CLANG_WARN_DIRECT_OBJC_ISA_USAGE = YES_ERROR;
				CLANG_WARN_DOCUMENTATION_COMMENTS = YES;
				CLANG_WARN_EMPTY_BODY = YES;
				CLANG_WARN_ENUM_CONVERSION = YES;
				CLANG_WARN_INFINITE_RECURSION = YES;
				CLANG_WARN_INT_CONVERSION = YES;
				CLANG_WARN_NON_LITERAL_NULL_CONVERSION = YES;
				CLANG_WARN_OBJC_LITERAL_CONVERSION = YES;
				CLANG_WARN_OBJC_ROOT_CLASS = YES_ERROR;
				CLANG_WARN_RANGE_LOOP_ANALYSIS = YES;
				CLANG_WARN_STRICT_PROTOTYPES = YES;
				CLANG_WARN_SUSPICIOUS_MOVE = YES;
				CLANG_WARN_UNGUARDED_AVAILABILITY = YES_AGGRESSIVE;
				CLANG_WARN_UNREACHABLE_CODE = YES;
				CLANG_WARN__DUPLICATE_METHOD_MATCH = YES;
				CODE_SIGN_IDENTITY = "iPhone Developer";
				COPY_PHASE_STRIP = NO;
				DEBUG_INFORMATION_FORMAT = dwarf;
				ENABLE_STRICT_OBJC_MSGSEND = YES;
				ENABLE_TESTABILITY = YES;
				GCC_C_LANGUAGE_STANDARD = gnu11;
				GCC_DYNAMIC_NO_PIC = NO;
				GCC_NO_COMMON_BLOCKS = YES;
				GCC_OPTIMIZATION_LEVEL = 0;
				GCC_PREPROCESSOR_DEFINITIONS = (
					"DEBUG=1",
					"$(inherited)",
				);
				GCC_WARN_64_TO_32_BIT_CONVERSION = YES;
				GCC_WARN_ABOUT_RETURN_TYPE = YES_ERROR;
				GCC_WARN_UNDECLARED_SELECTOR = YES;
				GCC_WARN_UNINITIALIZED_AUTOS = YES_AGGRESSIVE;
				GCC_WARN_UNUSED_FUNCTION = YES;
				GCC_WARN_UNUSED_VARIABLE = YES;
				IPHONEOS_DEPLOYMENT_TARGET = 11.2;
				MTL_ENABLE_DEBUG_INFO = YES;
				ONLY_ACTIVE_ARCH = YES;
				SDKROOT = iphoneos;
				SWIFT_ACTIVE_COMPILATION_CONDITIONS = DEBUG;
				SWIFT_OPTIMIZATION_LEVEL = "-Onone";
			};
			name = Debug;
		};
		6739615E21C986FF00934637 /* Release */ = {
			isa = XCBuildConfiguration;
			buildSettings = {
				ALWAYS_SEARCH_USER_PATHS = NO;
				CLANG_ANALYZER_NONNULL = YES;
				CLANG_ANALYZER_NUMBER_OBJECT_CONVERSION = YES_AGGRESSIVE;
				CLANG_CXX_LANGUAGE_STANDARD = "gnu++14";
				CLANG_CXX_LIBRARY = "libc++";
				CLANG_ENABLE_MODULES = YES;
				CLANG_ENABLE_OBJC_ARC = YES;
				CLANG_WARN_BLOCK_CAPTURE_AUTORELEASING = YES;
				CLANG_WARN_BOOL_CONVERSION = YES;
				CLANG_WARN_COMMA = YES;
				CLANG_WARN_CONSTANT_CONVERSION = YES;
				CLANG_WARN_DIRECT_OBJC_ISA_USAGE = YES_ERROR;
				CLANG_WARN_DOCUMENTATION_COMMENTS = YES;
				CLANG_WARN_EMPTY_BODY = YES;
				CLANG_WARN_ENUM_CONVERSION = YES;
				CLANG_WARN_INFINITE_RECURSION = YES;
				CLANG_WARN_INT_CONVERSION = YES;
				CLANG_WARN_NON_LITERAL_NULL_CONVERSION = YES;
				CLANG_WARN_OBJC_LITERAL_CONVERSION = YES;
				CLANG_WARN_OBJC_ROOT_CLASS = YES_ERROR;
				CLANG_WARN_RANGE_LOOP_ANALYSIS = YES;
				CLANG_WARN_STRICT_PROTOTYPES = YES;
				CLANG_WARN_SUSPICIOUS_MOVE = YES;
				CLANG_WARN_UNGUARDED_AVAILABILITY = YES_AGGRESSIVE;
				CLANG_WARN_UNREACHABLE_CODE = YES;
				CLANG_WARN__DUPLICATE_METHOD_MATCH = YES;
				CODE_SIGN_IDENTITY = "iPhone Developer";
				COPY_PHASE_STRIP = NO;
				DEBUG_INFORMATION_FORMAT = "dwarf-with-dsym";
				ENABLE_NS_ASSERTIONS = NO;
				ENABLE_STRICT_OBJC_MSGSEND = YES;
				GCC_C_LANGUAGE_STANDARD = gnu11;
				GCC_NO_COMMON_BLOCKS = YES;
				GCC_WARN_64_TO_32_BIT_CONVERSION = YES;
				GCC_WARN_ABOUT_RETURN_TYPE = YES_ERROR;
				GCC_WARN_UNDECLARED_SELECTOR = YES;
				GCC_WARN_UNINITIALIZED_AUTOS = YES_AGGRESSIVE;
				GCC_WARN_UNUSED_FUNCTION = YES;
				GCC_WARN_UNUSED_VARIABLE = YES;
				IPHONEOS_DEPLOYMENT_TARGET = 11.2;
				MTL_ENABLE_DEBUG_INFO = NO;
				SDKROOT = iphoneos;
				SWIFT_OPTIMIZATION_LEVEL = "-Owholemodule";
				VALIDATE_PRODUCT = YES;
			};
			name = Release;
		};
		6739616021C986FF00934637 /* Debug */ = {
			isa = XCBuildConfiguration;
			buildSettings = {
				ASSETCATALOG_COMPILER_APPICON_NAME = AppIcon;
				"CODE_SIGN_IDENTITY[sdk=iphoneos*]" = "iPhone Developer";
				CODE_SIGN_STYLE = Automatic;
				DEVELOPMENT_TEAM = "";
				INFOPLIST_FILE = "Tip calculator/Info.plist";
				LD_RUNPATH_SEARCH_PATHS = "$(inherited) @executable_path/Frameworks";
				PRODUCT_BUNDLE_IDENTIFIER = "Mitchell-Petellin.Tip-calculator";
				PRODUCT_NAME = "$(TARGET_NAME)";
				PROVISIONING_PROFILE_SPECIFIER = "";
				SWIFT_VERSION = 4.0;
				TARGETED_DEVICE_FAMILY = "1,2";
			};
			name = Debug;
		};
		6739616121C986FF00934637 /* Release */ = {
			isa = XCBuildConfiguration;
			buildSettings = {
				ASSETCATALOG_COMPILER_APPICON_NAME = AppIcon;
				"CODE_SIGN_IDENTITY[sdk=iphoneos*]" = "iPhone Developer";
				CODE_SIGN_STYLE = Automatic;
				DEVELOPMENT_TEAM = "";
				INFOPLIST_FILE = "Tip calculator/Info.plist";
				LD_RUNPATH_SEARCH_PATHS = "$(inherited) @executable_path/Frameworks";
				PRODUCT_BUNDLE_IDENTIFIER = "Mitchell-Petellin.Tip-calculator";
				PRODUCT_NAME = "$(TARGET_NAME)";
				PROVISIONING_PROFILE_SPECIFIER = "";
				SWIFT_VERSION = 4.0;
				TARGETED_DEVICE_FAMILY = "1,2";
			};
			name = Release;
		};
		6739616321C986FF00934637 /* Debug */ = {
			isa = XCBuildConfiguration;
			buildSettings = {
				ALWAYS_EMBED_SWIFT_STANDARD_LIBRARIES = YES;
				BUNDLE_LOADER = "$(TEST_HOST)";
				"CODE_SIGN_IDENTITY[sdk=iphoneos*]" = "iPhone Developer";
				CODE_SIGN_STYLE = Automatic;
				DEVELOPMENT_TEAM = "";
				INFOPLIST_FILE = "Tip calculatorTests/Info.plist";
				LD_RUNPATH_SEARCH_PATHS = "$(inherited) @executable_path/Frameworks @loader_path/Frameworks";
				PRODUCT_BUNDLE_IDENTIFIER = "Mitchell-Petellin.Tip-calculatorTests";
				PRODUCT_NAME = "$(TARGET_NAME)";
				PROVISIONING_PROFILE_SPECIFIER = "";
				SWIFT_VERSION = 4.0;
				TARGETED_DEVICE_FAMILY = "1,2";
				TEST_HOST = "$(BUILT_PRODUCTS_DIR)/Tip calculator.app/Tip calculator";
			};
			name = Debug;
		};
		6739616421C986FF00934637 /* Release */ = {
			isa = XCBuildConfiguration;
			buildSettings = {
				ALWAYS_EMBED_SWIFT_STANDARD_LIBRARIES = YES;
				BUNDLE_LOADER = "$(TEST_HOST)";
				"CODE_SIGN_IDENTITY[sdk=iphoneos*]" = "iPhone Developer";
				CODE_SIGN_STYLE = Automatic;
				DEVELOPMENT_TEAM = "";
				INFOPLIST_FILE = "Tip calculatorTests/Info.plist";
				LD_RUNPATH_SEARCH_PATHS = "$(inherited) @executable_path/Frameworks @loader_path/Frameworks";
				PRODUCT_BUNDLE_IDENTIFIER = "Mitchell-Petellin.Tip-calculatorTests";
				PRODUCT_NAME = "$(TARGET_NAME)";
				PROVISIONING_PROFILE_SPECIFIER = "";
				SWIFT_VERSION = 4.0;
				TARGETED_DEVICE_FAMILY = "1,2";
				TEST_HOST = "$(BUILT_PRODUCTS_DIR)/Tip calculator.app/Tip calculator";
			};
			name = Release;
		};
		6739616621C986FF00934637 /* Debug */ = {
			isa = XCBuildConfiguration;
			buildSettings = {
				ALWAYS_EMBED_SWIFT_STANDARD_LIBRARIES = YES;
				"CODE_SIGN_IDENTITY[sdk=iphoneos*]" = "iPhone Developer";
				CODE_SIGN_STYLE = Automatic;
				DEVELOPMENT_TEAM = "";
				INFOPLIST_FILE = "Tip calculatorUITests/Info.plist";
				LD_RUNPATH_SEARCH_PATHS = "$(inherited) @executable_path/Frameworks @loader_path/Frameworks";
				PRODUCT_BUNDLE_IDENTIFIER = "Mitchell-Petellin.Tip-calculatorUITests";
				PRODUCT_NAME = "$(TARGET_NAME)";
				PROVISIONING_PROFILE_SPECIFIER = "";
				SWIFT_VERSION = 4.0;
				TARGETED_DEVICE_FAMILY = "1,2";
				TEST_TARGET_NAME = "Tip calculator";
			};
			name = Debug;
		};
		6739616721C986FF00934637 /* Release */ = {
			isa = XCBuildConfiguration;
			buildSettings = {
				ALWAYS_EMBED_SWIFT_STANDARD_LIBRARIES = YES;
				"CODE_SIGN_IDENTITY[sdk=iphoneos*]" = "iPhone Developer";
				CODE_SIGN_STYLE = Automatic;
				DEVELOPMENT_TEAM = "";
				INFOPLIST_FILE = "Tip calculatorUITests/Info.plist";
				LD_RUNPATH_SEARCH_PATHS = "$(inherited) @executable_path/Frameworks @loader_path/Frameworks";
				PRODUCT_BUNDLE_IDENTIFIER = "Mitchell-Petellin.Tip-calculatorUITests";
				PRODUCT_NAME = "$(TARGET_NAME)";
				PROVISIONING_PROFILE_SPECIFIER = "";
				SWIFT_VERSION = 4.0;
				TARGETED_DEVICE_FAMILY = "1,2";
				TEST_TARGET_NAME = "Tip calculator";
			};
			name = Release;
		};
/* End XCBuildConfiguration section */

/* Begin XCConfigurationList section */
		6739612F21C986FF00934637 /* Build configuration list for PBXProject "Tip calculator" */ = {
			isa = XCConfigurationList;
			buildConfigurations = (
				6739615D21C986FF00934637 /* Debug */,
				6739615E21C986FF00934637 /* Release */,
			);
			defaultConfigurationIsVisible = 0;
			defaultConfigurationName = Release;
		};
		6739615F21C986FF00934637 /* Build configuration list for PBXNativeTarget "Tip calculator" */ = {
			isa = XCConfigurationList;
			buildConfigurations = (
				6739616021C986FF00934637 /* Debug */,
				6739616121C986FF00934637 /* Release */,
			);
			defaultConfigurationIsVisible = 0;
			defaultConfigurationName = Release;
		};
		6739616221C986FF00934637 /* Build configuration list for PBXNativeTarget "Tip calculatorTests" */ = {
			isa = XCConfigurationList;
			buildConfigurations = (
				6739616321C986FF00934637 /* Debug */,
				6739616421C986FF00934637 /* Release */,
			);
			defaultConfigurationIsVisible = 0;
			defaultConfigurationName = Release;
		};
		6739616521C986FF00934637 /* Build configuration list for PBXNativeTarget "Tip calculatorUITests" */ = {
			isa = XCConfigurationList;
			buildConfigurations = (
				6739616621C986FF00934637 /* Debug */,
				6739616721C986FF00934637 /* Release */,
			);
			defaultConfigurationIsVisible = 0;
			defaultConfigurationName = Release;
		};
/* End XCConfigurationList section */

/* Begin XCVersionGroup section */
		6739613E21C986FF00934637 /* Tip_calculator.xcdatamodeld */ = {
			isa = XCVersionGroup;
			children = (
				6739613F21C986FF00934637 /* Tip_calculator.xcdatamodel */,
			);
			currentVersion = 6739613F21C986FF00934637 /* Tip_calculator.xcdatamodel */;
			path = Tip_calculator.xcdatamodeld;
			sourceTree = "<group>";
			versionGroupType = wrapper.xcdatamodel;
		};
/* End XCVersionGroup section */
	};
	rootObject = 6739612C21C986FF00934637 /* Project object */;
}
